// !$*UTF8*$!
{
	archiveVersion = 1;
	classes = {
	};
	objectVersion = 50;
	objects = {

/* Begin PBXBuildFile section */
		05B03528BDD6A84FB72577A1 /* Pods_SectionedDataExampleUITests.framework in Frameworks */ = {isa = PBXBuildFile; fileRef = 65D5B710A4891A3481EEE80D /* Pods_SectionedDataExampleUITests.framework */; };
		0FDB73CB283D13691C709496 /* Pods_SectionedDataExample.framework in Frameworks */ = {isa = PBXBuildFile; fileRef = 015A4CFE3AA9BBC8C527D50E /* Pods_SectionedDataExample.framework */; };
		1233A5BC03EF15337AD28508 /* Pods_SectionedDataExampleTests.framework in Frameworks */ = {isa = PBXBuildFile; fileRef = FD107E8628A9976194CB6020 /* Pods_SectionedDataExampleTests.framework */; };
		75D98FB522608A0A0008D004 /* AppDelegate.swift in Sources */ = {isa = PBXBuildFile; fileRef = 75D98FB422608A0A0008D004 /* AppDelegate.swift */; };
		75D98FBC22608A0B0008D004 /* Assets.xcassets in Resources */ = {isa = PBXBuildFile; fileRef = 75D98FBB22608A0B0008D004 /* Assets.xcassets */; };
		75D98FBF22608A0B0008D004 /* LaunchScreen.storyboard in Resources */ = {isa = PBXBuildFile; fileRef = 75D98FBD22608A0B0008D004 /* LaunchScreen.storyboard */; };
		75D98FCA22608A0B0008D004 /* SectionedDataExampleTests.swift in Sources */ = {isa = PBXBuildFile; fileRef = 75D98FC922608A0B0008D004 /* SectionedDataExampleTests.swift */; };
		75D98FD522608A0B0008D004 /* SectionedDataExampleUITests.swift in Sources */ = {isa = PBXBuildFile; fileRef = 75D98FD422608A0B0008D004 /* SectionedDataExampleUITests.swift */; };
		75D98FE622608A980008D004 /* RootRouter.swift in Sources */ = {isa = PBXBuildFile; fileRef = 75D98FE522608A980008D004 /* RootRouter.swift */; };
		75D98FEE22608AE40008D004 /* ExamplePresenter.swift in Sources */ = {isa = PBXBuildFile; fileRef = 75D98FE922608AE40008D004 /* ExamplePresenter.swift */; };
		75D98FEF22608AE40008D004 /* ExampleRouter.swift in Sources */ = {isa = PBXBuildFile; fileRef = 75D98FEA22608AE40008D004 /* ExampleRouter.swift */; };
		75D98FF022608AE40008D004 /* ExampleViewController.swift in Sources */ = {isa = PBXBuildFile; fileRef = 75D98FEB22608AE40008D004 /* ExampleViewController.swift */; };
		75D98FF122608AE40008D004 /* ExampleConfigurator.swift in Sources */ = {isa = PBXBuildFile; fileRef = 75D98FEC22608AE40008D004 /* ExampleConfigurator.swift */; };
		75D98FF222608AE40008D004 /* ExampleViewController.xib in Resources */ = {isa = PBXBuildFile; fileRef = 75D98FED22608AE40008D004 /* ExampleViewController.xib */; };
/* End PBXBuildFile section */

/* Begin PBXContainerItemProxy section */
		75D98FC622608A0B0008D004 /* PBXContainerItemProxy */ = {
			isa = PBXContainerItemProxy;
			containerPortal = 75D98FA922608A0A0008D004 /* Project object */;
			proxyType = 1;
			remoteGlobalIDString = 75D98FB022608A0A0008D004;
			remoteInfo = SectionedDataExample;
		};
		75D98FD122608A0B0008D004 /* PBXContainerItemProxy */ = {
			isa = PBXContainerItemProxy;
			containerPortal = 75D98FA922608A0A0008D004 /* Project object */;
			proxyType = 1;
			remoteGlobalIDString = 75D98FB022608A0A0008D004;
			remoteInfo = SectionedDataExample;
		};
/* End PBXContainerItemProxy section */

/* Begin PBXFileReference section */
		015A4CFE3AA9BBC8C527D50E /* Pods_SectionedDataExample.framework */ = {isa = PBXFileReference; explicitFileType = wrapper.framework; includeInIndex = 0; path = Pods_SectionedDataExample.framework; sourceTree = BUILT_PRODUCTS_DIR; };
		3B00AF5A8AF32A258D82596F /* Pods-SectionedDataExampleTests.debug.xcconfig */ = {isa = PBXFileReference; includeInIndex = 1; lastKnownFileType = text.xcconfig; name = "Pods-SectionedDataExampleTests.debug.xcconfig"; path = "Pods/Target Support Files/Pods-SectionedDataExampleTests/Pods-SectionedDataExampleTests.debug.xcconfig"; sourceTree = "<group>"; };
		3F75FCBB322DFC51120206E9 /* Pods-SectionedDataExample.debug.xcconfig */ = {isa = PBXFileReference; includeInIndex = 1; lastKnownFileType = text.xcconfig; name = "Pods-SectionedDataExample.debug.xcconfig"; path = "Pods/Target Support Files/Pods-SectionedDataExample/Pods-SectionedDataExample.debug.xcconfig"; sourceTree = "<group>"; };
		65D5B710A4891A3481EEE80D /* Pods_SectionedDataExampleUITests.framework */ = {isa = PBXFileReference; explicitFileType = wrapper.framework; includeInIndex = 0; path = Pods_SectionedDataExampleUITests.framework; sourceTree = BUILT_PRODUCTS_DIR; };
		75D98FB122608A0A0008D004 /* SectionedDataExample.app */ = {isa = PBXFileReference; explicitFileType = wrapper.application; includeInIndex = 0; path = SectionedDataExample.app; sourceTree = BUILT_PRODUCTS_DIR; };
		75D98FB422608A0A0008D004 /* AppDelegate.swift */ = {isa = PBXFileReference; lastKnownFileType = sourcecode.swift; path = AppDelegate.swift; sourceTree = "<group>"; };
		75D98FBB22608A0B0008D004 /* Assets.xcassets */ = {isa = PBXFileReference; lastKnownFileType = folder.assetcatalog; path = Assets.xcassets; sourceTree = "<group>"; };
		75D98FBE22608A0B0008D004 /* Base */ = {isa = PBXFileReference; lastKnownFileType = file.storyboard; name = Base; path = Base.lproj/LaunchScreen.storyboard; sourceTree = "<group>"; };
		75D98FC022608A0B0008D004 /* Info.plist */ = {isa = PBXFileReference; lastKnownFileType = text.plist.xml; path = Info.plist; sourceTree = "<group>"; };
		75D98FC522608A0B0008D004 /* SectionedDataExampleTests.xctest */ = {isa = PBXFileReference; explicitFileType = wrapper.cfbundle; includeInIndex = 0; path = SectionedDataExampleTests.xctest; sourceTree = BUILT_PRODUCTS_DIR; };
		75D98FC922608A0B0008D004 /* SectionedDataExampleTests.swift */ = {isa = PBXFileReference; lastKnownFileType = sourcecode.swift; path = SectionedDataExampleTests.swift; sourceTree = "<group>"; };
		75D98FCB22608A0B0008D004 /* Info.plist */ = {isa = PBXFileReference; lastKnownFileType = text.plist.xml; path = Info.plist; sourceTree = "<group>"; };
		75D98FD022608A0B0008D004 /* SectionedDataExampleUITests.xctest */ = {isa = PBXFileReference; explicitFileType = wrapper.cfbundle; includeInIndex = 0; path = SectionedDataExampleUITests.xctest; sourceTree = BUILT_PRODUCTS_DIR; };
		75D98FD422608A0B0008D004 /* SectionedDataExampleUITests.swift */ = {isa = PBXFileReference; lastKnownFileType = sourcecode.swift; path = SectionedDataExampleUITests.swift; sourceTree = "<group>"; };
		75D98FD622608A0B0008D004 /* Info.plist */ = {isa = PBXFileReference; lastKnownFileType = text.plist.xml; path = Info.plist; sourceTree = "<group>"; };
		75D98FE522608A980008D004 /* RootRouter.swift */ = {isa = PBXFileReference; lastKnownFileType = sourcecode.swift; path = RootRouter.swift; sourceTree = "<group>"; };
		75D98FE922608AE40008D004 /* ExamplePresenter.swift */ = {isa = PBXFileReference; lastKnownFileType = sourcecode.swift; path = ExamplePresenter.swift; sourceTree = "<group>"; };
		75D98FEA22608AE40008D004 /* ExampleRouter.swift */ = {isa = PBXFileReference; lastKnownFileType = sourcecode.swift; path = ExampleRouter.swift; sourceTree = "<group>"; };
		75D98FEB22608AE40008D004 /* ExampleViewController.swift */ = {isa = PBXFileReference; lastKnownFileType = sourcecode.swift; path = ExampleViewController.swift; sourceTree = "<group>"; };
		75D98FEC22608AE40008D004 /* ExampleConfigurator.swift */ = {isa = PBXFileReference; lastKnownFileType = sourcecode.swift; path = ExampleConfigurator.swift; sourceTree = "<group>"; };
		75D98FED22608AE40008D004 /* ExampleViewController.xib */ = {isa = PBXFileReference; lastKnownFileType = file.xib; path = ExampleViewController.xib; sourceTree = "<group>"; };
		B4B82153665E11FF4A528AFC /* Pods-SectionedDataExample.release.xcconfig */ = {isa = PBXFileReference; includeInIndex = 1; lastKnownFileType = text.xcconfig; name = "Pods-SectionedDataExample.release.xcconfig"; path = "Pods/Target Support Files/Pods-SectionedDataExample/Pods-SectionedDataExample.release.xcconfig"; sourceTree = "<group>"; };
		C5C6E5478E974A5964EF0D54 /* Pods-SectionedDataExampleUITests.debug.xcconfig */ = {isa = PBXFileReference; includeInIndex = 1; lastKnownFileType = text.xcconfig; name = "Pods-SectionedDataExampleUITests.debug.xcconfig"; path = "Pods/Target Support Files/Pods-SectionedDataExampleUITests/Pods-SectionedDataExampleUITests.debug.xcconfig"; sourceTree = "<group>"; };
		EC8C978B508B02C4E523D6F8 /* Pods-SectionedDataExampleUITests.release.xcconfig */ = {isa = PBXFileReference; includeInIndex = 1; lastKnownFileType = text.xcconfig; name = "Pods-SectionedDataExampleUITests.release.xcconfig"; path = "Pods/Target Support Files/Pods-SectionedDataExampleUITests/Pods-SectionedDataExampleUITests.release.xcconfig"; sourceTree = "<group>"; };
		EF7DBBBBCAB82FE1031A7DB9 /* Pods-SectionedDataExampleTests.release.xcconfig */ = {isa = PBXFileReference; includeInIndex = 1; lastKnownFileType = text.xcconfig; name = "Pods-SectionedDataExampleTests.release.xcconfig"; path = "Pods/Target Support Files/Pods-SectionedDataExampleTests/Pods-SectionedDataExampleTests.release.xcconfig"; sourceTree = "<group>"; };
		FD107E8628A9976194CB6020 /* Pods_SectionedDataExampleTests.framework */ = {isa = PBXFileReference; explicitFileType = wrapper.framework; includeInIndex = 0; path = Pods_SectionedDataExampleTests.framework; sourceTree = BUILT_PRODUCTS_DIR; };
/* End PBXFileReference section */

/* Begin PBXFrameworksBuildPhase section */
		75D98FAE22608A0A0008D004 /* Frameworks */ = {
			isa = PBXFrameworksBuildPhase;
			buildActionMask = 2147483647;
			files = (
				0FDB73CB283D13691C709496 /* Pods_SectionedDataExample.framework in Frameworks */,
			);
			runOnlyForDeploymentPostprocessing = 0;
		};
		75D98FC222608A0B0008D004 /* Frameworks */ = {
			isa = PBXFrameworksBuildPhase;
			buildActionMask = 2147483647;
			files = (
				1233A5BC03EF15337AD28508 /* Pods_SectionedDataExampleTests.framework in Frameworks */,
			);
			runOnlyForDeploymentPostprocessing = 0;
		};
		75D98FCD22608A0B0008D004 /* Frameworks */ = {
			isa = PBXFrameworksBuildPhase;
			buildActionMask = 2147483647;
			files = (
				05B03528BDD6A84FB72577A1 /* Pods_SectionedDataExampleUITests.framework in Frameworks */,
			);
			runOnlyForDeploymentPostprocessing = 0;
		};
/* End PBXFrameworksBuildPhase section */

/* Begin PBXGroup section */
		3CB82DF233B0A5D21A605F30 /* Pods */ = {
			isa = PBXGroup;
			children = (
				3F75FCBB322DFC51120206E9 /* Pods-SectionedDataExample.debug.xcconfig */,
				B4B82153665E11FF4A528AFC /* Pods-SectionedDataExample.release.xcconfig */,
				3B00AF5A8AF32A258D82596F /* Pods-SectionedDataExampleTests.debug.xcconfig */,
				EF7DBBBBCAB82FE1031A7DB9 /* Pods-SectionedDataExampleTests.release.xcconfig */,
				C5C6E5478E974A5964EF0D54 /* Pods-SectionedDataExampleUITests.debug.xcconfig */,
				EC8C978B508B02C4E523D6F8 /* Pods-SectionedDataExampleUITests.release.xcconfig */,
			);
			name = Pods;
			sourceTree = "<group>";
		};
		75D98FA822608A0A0008D004 = {
			isa = PBXGroup;
			children = (
				75D98FB322608A0A0008D004 /* SectionedDataExample */,
				75D98FC822608A0B0008D004 /* SectionedDataExampleTests */,
				75D98FD322608A0B0008D004 /* SectionedDataExampleUITests */,
				75D98FB222608A0A0008D004 /* Products */,
				3CB82DF233B0A5D21A605F30 /* Pods */,
				832333526140C696D5CCA6E8 /* Frameworks */,
			);
			sourceTree = "<group>";
		};
		75D98FB222608A0A0008D004 /* Products */ = {
			isa = PBXGroup;
			children = (
				75D98FB122608A0A0008D004 /* SectionedDataExample.app */,
				75D98FC522608A0B0008D004 /* SectionedDataExampleTests.xctest */,
				75D98FD022608A0B0008D004 /* SectionedDataExampleUITests.xctest */,
			);
			name = Products;
			sourceTree = "<group>";
		};
		75D98FB322608A0A0008D004 /* SectionedDataExample */ = {
			isa = PBXGroup;
			children = (
				75D98FE222608A4F0008D004 /* Application */,
				75D98FE322608A640008D004 /* Supporting Files */,
				75D98FE422608A720008D004 /* Modules */,
				75D98FE722608AB70008D004 /* Resources */,
			);
			path = SectionedDataExample;
			sourceTree = "<group>";
		};
		75D98FC822608A0B0008D004 /* SectionedDataExampleTests */ = {
			isa = PBXGroup;
			children = (
				75D98FC922608A0B0008D004 /* SectionedDataExampleTests.swift */,
				75D98FCB22608A0B0008D004 /* Info.plist */,
			);
			path = SectionedDataExampleTests;
			sourceTree = "<group>";
		};
		75D98FD322608A0B0008D004 /* SectionedDataExampleUITests */ = {
			isa = PBXGroup;
			children = (
				75D98FD422608A0B0008D004 /* SectionedDataExampleUITests.swift */,
				75D98FD622608A0B0008D004 /* Info.plist */,
			);
			path = SectionedDataExampleUITests;
			sourceTree = "<group>";
		};
		75D98FE222608A4F0008D004 /* Application */ = {
			isa = PBXGroup;
			children = (
				75D98FB422608A0A0008D004 /* AppDelegate.swift */,
				75D98FE522608A980008D004 /* RootRouter.swift */,
			);
			path = Application;
			sourceTree = "<group>";
		};
		75D98FE322608A640008D004 /* Supporting Files */ = {
			isa = PBXGroup;
			children = (
				75D98FBD22608A0B0008D004 /* LaunchScreen.storyboard */,
				75D98FC022608A0B0008D004 /* Info.plist */,
			);
			path = "Supporting Files";
			sourceTree = "<group>";
		};
		75D98FE422608A720008D004 /* Modules */ = {
			isa = PBXGroup;
			children = (
				75D98FE822608ACF0008D004 /* Example */,
			);
			path = Modules;
			sourceTree = "<group>";
		};
		75D98FE722608AB70008D004 /* Resources */ = {
			isa = PBXGroup;
			children = (
				75D98FBB22608A0B0008D004 /* Assets.xcassets */,
			);
			path = Resources;
			sourceTree = "<group>";
		};
		75D98FE822608ACF0008D004 /* Example */ = {
			isa = PBXGroup;
			children = (
				75D98FE922608AE40008D004 /* ExamplePresenter.swift */,
				75D98FEA22608AE40008D004 /* ExampleRouter.swift */,
				75D98FEB22608AE40008D004 /* ExampleViewController.swift */,
				75D98FEC22608AE40008D004 /* ExampleConfigurator.swift */,
				75D98FED22608AE40008D004 /* ExampleViewController.xib */,
			);
			path = Example;
			sourceTree = "<group>";
		};
		832333526140C696D5CCA6E8 /* Frameworks */ = {
			isa = PBXGroup;
			children = (
				015A4CFE3AA9BBC8C527D50E /* Pods_SectionedDataExample.framework */,
				FD107E8628A9976194CB6020 /* Pods_SectionedDataExampleTests.framework */,
				65D5B710A4891A3481EEE80D /* Pods_SectionedDataExampleUITests.framework */,
			);
			name = Frameworks;
			sourceTree = "<group>";
		};
/* End PBXGroup section */

/* Begin PBXNativeTarget section */
		75D98FB022608A0A0008D004 /* SectionedDataExample */ = {
			isa = PBXNativeTarget;
			buildConfigurationList = 75D98FD922608A0B0008D004 /* Build configuration list for PBXNativeTarget "SectionedDataExample" */;
			buildPhases = (
				737145A90C74B06A837BD5F2 /* [CP] Check Pods Manifest.lock */,
				75D98FAD22608A0A0008D004 /* Sources */,
				75D98FAE22608A0A0008D004 /* Frameworks */,
				75D98FAF22608A0A0008D004 /* Resources */,
				E77AC533A99DCA35A88CBBD2 /* [CP] Embed Pods Frameworks */,
			);
			buildRules = (
			);
			dependencies = (
			);
			name = SectionedDataExample;
			productName = SectionedDataExample;
			productReference = 75D98FB122608A0A0008D004 /* SectionedDataExample.app */;
			productType = "com.apple.product-type.application";
		};
		75D98FC422608A0B0008D004 /* SectionedDataExampleTests */ = {
			isa = PBXNativeTarget;
			buildConfigurationList = 75D98FDC22608A0B0008D004 /* Build configuration list for PBXNativeTarget "SectionedDataExampleTests" */;
			buildPhases = (
				B9520C511B10F2637C687DCB /* [CP] Check Pods Manifest.lock */,
				75D98FC122608A0B0008D004 /* Sources */,
				75D98FC222608A0B0008D004 /* Frameworks */,
				75D98FC322608A0B0008D004 /* Resources */,
			);
			buildRules = (
			);
			dependencies = (
				75D98FC722608A0B0008D004 /* PBXTargetDependency */,
			);
			name = SectionedDataExampleTests;
			productName = SectionedDataExampleTests;
			productReference = 75D98FC522608A0B0008D004 /* SectionedDataExampleTests.xctest */;
			productType = "com.apple.product-type.bundle.unit-test";
		};
		75D98FCF22608A0B0008D004 /* SectionedDataExampleUITests */ = {
			isa = PBXNativeTarget;
			buildConfigurationList = 75D98FDF22608A0B0008D004 /* Build configuration list for PBXNativeTarget "SectionedDataExampleUITests" */;
			buildPhases = (
				03C1E81D886389C538F64742 /* [CP] Check Pods Manifest.lock */,
				75D98FCC22608A0B0008D004 /* Sources */,
				75D98FCD22608A0B0008D004 /* Frameworks */,
				75D98FCE22608A0B0008D004 /* Resources */,
			);
			buildRules = (
			);
			dependencies = (
				75D98FD222608A0B0008D004 /* PBXTargetDependency */,
			);
			name = SectionedDataExampleUITests;
			productName = SectionedDataExampleUITests;
			productReference = 75D98FD022608A0B0008D004 /* SectionedDataExampleUITests.xctest */;
			productType = "com.apple.product-type.bundle.ui-testing";
		};
/* End PBXNativeTarget section */

/* Begin PBXProject section */
		75D98FA922608A0A0008D004 /* Project object */ = {
			isa = PBXProject;
			attributes = {
				LastSwiftUpdateCheck = 1010;
				LastUpgradeCheck = 1010;
				ORGANIZATIONNAME = "Tabriz Dzhavadov";
				TargetAttributes = {
					75D98FB022608A0A0008D004 = {
						CreatedOnToolsVersion = 10.1;
					};
					75D98FC422608A0B0008D004 = {
						CreatedOnToolsVersion = 10.1;
						TestTargetID = 75D98FB022608A0A0008D004;
					};
					75D98FCF22608A0B0008D004 = {
						CreatedOnToolsVersion = 10.1;
						TestTargetID = 75D98FB022608A0A0008D004;
					};
				};
			};
			buildConfigurationList = 75D98FAC22608A0A0008D004 /* Build configuration list for PBXProject "SectionedDataExample" */;
			compatibilityVersion = "Xcode 9.3";
			developmentRegion = en;
			hasScannedForEncodings = 0;
			knownRegions = (
				en,
				Base,
			);
			mainGroup = 75D98FA822608A0A0008D004;
			productRefGroup = 75D98FB222608A0A0008D004 /* Products */;
			projectDirPath = "";
			projectRoot = "";
			targets = (
				75D98FB022608A0A0008D004 /* SectionedDataExample */,
				75D98FC422608A0B0008D004 /* SectionedDataExampleTests */,
				75D98FCF22608A0B0008D004 /* SectionedDataExampleUITests */,
			);
		};
/* End PBXProject section */

/* Begin PBXResourcesBuildPhase section */
		75D98FAF22608A0A0008D004 /* Resources */ = {
			isa = PBXResourcesBuildPhase;
			buildActionMask = 2147483647;
			files = (
				75D98FBF22608A0B0008D004 /* LaunchScreen.storyboard in Resources */,
				75D98FF222608AE40008D004 /* ExampleViewController.xib in Resources */,
				75D98FBC22608A0B0008D004 /* Assets.xcassets in Resources */,
			);
			runOnlyForDeploymentPostprocessing = 0;
		};
		75D98FC322608A0B0008D004 /* Resources */ = {
			isa = PBXResourcesBuildPhase;
			buildActionMask = 2147483647;
			files = (
			);
			runOnlyForDeploymentPostprocessing = 0;
		};
		75D98FCE22608A0B0008D004 /* Resources */ = {
			isa = PBXResourcesBuildPhase;
			buildActionMask = 2147483647;
			files = (
			);
			runOnlyForDeploymentPostprocessing = 0;
		};
/* End PBXResourcesBuildPhase section */

/* Begin PBXShellScriptBuildPhase section */
		03C1E81D886389C538F64742 /* [CP] Check Pods Manifest.lock */ = {
			isa = PBXShellScriptBuildPhase;
			buildActionMask = 2147483647;
			files = (
			);
			inputFileListPaths = (
			);
			inputPaths = (
				"${PODS_PODFILE_DIR_PATH}/Podfile.lock",
				"${PODS_ROOT}/Manifest.lock",
			);
			name = "[CP] Check Pods Manifest.lock";
			outputFileListPaths = (
			);
			outputPaths = (
				"$(DERIVED_FILE_DIR)/Pods-SectionedDataExampleUITests-checkManifestLockResult.txt",
			);
			runOnlyForDeploymentPostprocessing = 0;
			shellPath = /bin/sh;
			shellScript = "diff \"${PODS_PODFILE_DIR_PATH}/Podfile.lock\" \"${PODS_ROOT}/Manifest.lock\" > /dev/null\nif [ $? != 0 ] ; then\n    # print error to STDERR\n    echo \"error: The sandbox is not in sync with the Podfile.lock. Run 'pod install' or update your CocoaPods installation.\" >&2\n    exit 1\nfi\n# This output is used by Xcode 'outputs' to avoid re-running this script phase.\necho \"SUCCESS\" > \"${SCRIPT_OUTPUT_FILE_0}\"\n";
			showEnvVarsInLog = 0;
		};
		737145A90C74B06A837BD5F2 /* [CP] Check Pods Manifest.lock */ = {
			isa = PBXShellScriptBuildPhase;
			buildActionMask = 2147483647;
			files = (
			);
			inputFileListPaths = (
			);
			inputPaths = (
				"${PODS_PODFILE_DIR_PATH}/Podfile.lock",
				"${PODS_ROOT}/Manifest.lock",
			);
			name = "[CP] Check Pods Manifest.lock";
			outputFileListPaths = (
			);
			outputPaths = (
				"$(DERIVED_FILE_DIR)/Pods-SectionedDataExample-checkManifestLockResult.txt",
			);
			runOnlyForDeploymentPostprocessing = 0;
			shellPath = /bin/sh;
			shellScript = "diff \"${PODS_PODFILE_DIR_PATH}/Podfile.lock\" \"${PODS_ROOT}/Manifest.lock\" > /dev/null\nif [ $? != 0 ] ; then\n    # print error to STDERR\n    echo \"error: The sandbox is not in sync with the Podfile.lock. Run 'pod install' or update your CocoaPods installation.\" >&2\n    exit 1\nfi\n# This output is used by Xcode 'outputs' to avoid re-running this script phase.\necho \"SUCCESS\" > \"${SCRIPT_OUTPUT_FILE_0}\"\n";
			showEnvVarsInLog = 0;
		};
		B9520C511B10F2637C687DCB /* [CP] Check Pods Manifest.lock */ = {
			isa = PBXShellScriptBuildPhase;
			buildActionMask = 2147483647;
			files = (
			);
			inputFileListPaths = (
			);
			inputPaths = (
				"${PODS_PODFILE_DIR_PATH}/Podfile.lock",
				"${PODS_ROOT}/Manifest.lock",
			);
			name = "[CP] Check Pods Manifest.lock";
			outputFileListPaths = (
			);
			outputPaths = (
				"$(DERIVED_FILE_DIR)/Pods-SectionedDataExampleTests-checkManifestLockResult.txt",
			);
			runOnlyForDeploymentPostprocessing = 0;
			shellPath = /bin/sh;
			shellScript = "diff \"${PODS_PODFILE_DIR_PATH}/Podfile.lock\" \"${PODS_ROOT}/Manifest.lock\" > /dev/null\nif [ $? != 0 ] ; then\n    # print error to STDERR\n    echo \"error: The sandbox is not in sync with the Podfile.lock. Run 'pod install' or update your CocoaPods installation.\" >&2\n    exit 1\nfi\n# This output is used by Xcode 'outputs' to avoid re-running this script phase.\necho \"SUCCESS\" > \"${SCRIPT_OUTPUT_FILE_0}\"\n";
			showEnvVarsInLog = 0;
		};
		E77AC533A99DCA35A88CBBD2 /* [CP] Embed Pods Frameworks */ = {
			isa = PBXShellScriptBuildPhase;
			buildActionMask = 2147483647;
			files = (
			);
			inputFileListPaths = (
			);
			inputPaths = (
				"${SRCROOT}/Pods/Target Support Files/Pods-SectionedDataExample/Pods-SectionedDataExample-frameworks.sh",
				"${BUILT_PRODUCTS_DIR}/DifferenceKit/DifferenceKit.framework",
				"${BUILT_PRODUCTS_DIR}/SectionedData/SectionedData.framework",
			);
			name = "[CP] Embed Pods Frameworks";
			outputFileListPaths = (
			);
			outputPaths = (
				"${TARGET_BUILD_DIR}/${FRAMEWORKS_FOLDER_PATH}/DifferenceKit.framework",
				"${TARGET_BUILD_DIR}/${FRAMEWORKS_FOLDER_PATH}/SectionedData.framework",
			);
			runOnlyForDeploymentPostprocessing = 0;
			shellPath = /bin/sh;
			shellScript = "\"${SRCROOT}/Pods/Target Support Files/Pods-SectionedDataExample/Pods-SectionedDataExample-frameworks.sh\"\n";
			showEnvVarsInLog = 0;
		};
/* End PBXShellScriptBuildPhase section */

/* Begin PBXSourcesBuildPhase section */
		75D98FAD22608A0A0008D004 /* Sources */ = {
			isa = PBXSourcesBuildPhase;
			buildActionMask = 2147483647;
			files = (
				75D98FE622608A980008D004 /* RootRouter.swift in Sources */,
				75D98FEE22608AE40008D004 /* ExamplePresenter.swift in Sources */,
				75D98FB522608A0A0008D004 /* AppDelegate.swift in Sources */,
				75D98FF122608AE40008D004 /* ExampleConfigurator.swift in Sources */,
				75D98FEF22608AE40008D004 /* ExampleRouter.swift in Sources */,
				75D98FF022608AE40008D004 /* ExampleViewController.swift in Sources */,
			);
			runOnlyForDeploymentPostprocessing = 0;
		};
		75D98FC122608A0B0008D004 /* Sources */ = {
			isa = PBXSourcesBuildPhase;
			buildActionMask = 2147483647;
			files = (
				75D98FCA22608A0B0008D004 /* SectionedDataExampleTests.swift in Sources */,
			);
			runOnlyForDeploymentPostprocessing = 0;
		};
		75D98FCC22608A0B0008D004 /* Sources */ = {
			isa = PBXSourcesBuildPhase;
			buildActionMask = 2147483647;
			files = (
				75D98FD522608A0B0008D004 /* SectionedDataExampleUITests.swift in Sources */,
			);
			runOnlyForDeploymentPostprocessing = 0;
		};
/* End PBXSourcesBuildPhase section */

/* Begin PBXTargetDependency section */
		75D98FC722608A0B0008D004 /* PBXTargetDependency */ = {
			isa = PBXTargetDependency;
			target = 75D98FB022608A0A0008D004 /* SectionedDataExample */;
			targetProxy = 75D98FC622608A0B0008D004 /* PBXContainerItemProxy */;
		};
		75D98FD222608A0B0008D004 /* PBXTargetDependency */ = {
			isa = PBXTargetDependency;
			target = 75D98FB022608A0A0008D004 /* SectionedDataExample */;
			targetProxy = 75D98FD122608A0B0008D004 /* PBXContainerItemProxy */;
		};
/* End PBXTargetDependency section */

/* Begin PBXVariantGroup section */
		75D98FBD22608A0B0008D004 /* LaunchScreen.storyboard */ = {
			isa = PBXVariantGroup;
			children = (
				75D98FBE22608A0B0008D004 /* Base */,
			);
			name = LaunchScreen.storyboard;
			sourceTree = "<group>";
		};
/* End PBXVariantGroup section */

/* Begin XCBuildConfiguration section */
		75D98FD722608A0B0008D004 /* Debug */ = {
			isa = XCBuildConfiguration;
			buildSettings = {
				ALWAYS_SEARCH_USER_PATHS = NO;
				CLANG_ANALYZER_NONNULL = YES;
				CLANG_ANALYZER_NUMBER_OBJECT_CONVERSION = YES_AGGRESSIVE;
				CLANG_CXX_LANGUAGE_STANDARD = "gnu++14";
				CLANG_CXX_LIBRARY = "libc++";
				CLANG_ENABLE_MODULES = YES;
				CLANG_ENABLE_OBJC_ARC = YES;
				CLANG_ENABLE_OBJC_WEAK = YES;
				CLANG_WARN_BLOCK_CAPTURE_AUTORELEASING = YES;
				CLANG_WARN_BOOL_CONVERSION = YES;
				CLANG_WARN_COMMA = YES;
				CLANG_WARN_CONSTANT_CONVERSION = YES;
				CLANG_WARN_DEPRECATED_OBJC_IMPLEMENTATIONS = YES;
				CLANG_WARN_DIRECT_OBJC_ISA_USAGE = YES_ERROR;
				CLANG_WARN_DOCUMENTATION_COMMENTS = YES;
				CLANG_WARN_EMPTY_BODY = YES;
				CLANG_WARN_ENUM_CONVERSION = YES;
				CLANG_WARN_INFINITE_RECURSION = YES;
				CLANG_WARN_INT_CONVERSION = YES;
				CLANG_WARN_NON_LITERAL_NULL_CONVERSION = YES;
				CLANG_WARN_OBJC_IMPLICIT_RETAIN_SELF = YES;
				CLANG_WARN_OBJC_LITERAL_CONVERSION = YES;
				CLANG_WARN_OBJC_ROOT_CLASS = YES_ERROR;
				CLANG_WARN_RANGE_LOOP_ANALYSIS = YES;
				CLANG_WARN_STRICT_PROTOTYPES = YES;
				CLANG_WARN_SUSPICIOUS_MOVE = YES;
				CLANG_WARN_UNGUARDED_AVAILABILITY = YES_AGGRESSIVE;
				CLANG_WARN_UNREACHABLE_CODE = YES;
				CLANG_WARN__DUPLICATE_METHOD_MATCH = YES;
				CODE_SIGN_IDENTITY = "iPhone Developer";
				COPY_PHASE_STRIP = NO;
				DEBUG_INFORMATION_FORMAT = dwarf;
				ENABLE_STRICT_OBJC_MSGSEND = YES;
				ENABLE_TESTABILITY = YES;
				GCC_C_LANGUAGE_STANDARD = gnu11;
				GCC_DYNAMIC_NO_PIC = NO;
				GCC_NO_COMMON_BLOCKS = YES;
				GCC_OPTIMIZATION_LEVEL = 0;
				GCC_PREPROCESSOR_DEFINITIONS = (
					"DEBUG=1",
					"$(inherited)",
				);
				GCC_WARN_64_TO_32_BIT_CONVERSION = YES;
				GCC_WARN_ABOUT_RETURN_TYPE = YES_ERROR;
				GCC_WARN_UNDECLARED_SELECTOR = YES;
				GCC_WARN_UNINITIALIZED_AUTOS = YES_AGGRESSIVE;
				GCC_WARN_UNUSED_FUNCTION = YES;
				GCC_WARN_UNUSED_VARIABLE = YES;
				IPHONEOS_DEPLOYMENT_TARGET = 12.1;
				MTL_ENABLE_DEBUG_INFO = INCLUDE_SOURCE;
				MTL_FAST_MATH = YES;
				ONLY_ACTIVE_ARCH = YES;
				SDKROOT = iphoneos;
				SWIFT_ACTIVE_COMPILATION_CONDITIONS = DEBUG;
				SWIFT_OPTIMIZATION_LEVEL = "-Onone";
			};
			name = Debug;
		};
		75D98FD822608A0B0008D004 /* Release */ = {
			isa = XCBuildConfiguration;
			buildSettings = {
				ALWAYS_SEARCH_USER_PATHS = NO;
				CLANG_ANALYZER_NONNULL = YES;
				CLANG_ANALYZER_NUMBER_OBJECT_CONVERSION = YES_AGGRESSIVE;
				CLANG_CXX_LANGUAGE_STANDARD = "gnu++14";
				CLANG_CXX_LIBRARY = "libc++";
				CLANG_ENABLE_MODULES = YES;
				CLANG_ENABLE_OBJC_ARC = YES;
				CLANG_ENABLE_OBJC_WEAK = YES;
				CLANG_WARN_BLOCK_CAPTURE_AUTORELEASING = YES;
				CLANG_WARN_BOOL_CONVERSION = YES;
				CLANG_WARN_COMMA = YES;
				CLANG_WARN_CONSTANT_CONVERSION = YES;
				CLANG_WARN_DEPRECATED_OBJC_IMPLEMENTATIONS = YES;
				CLANG_WARN_DIRECT_OBJC_ISA_USAGE = YES_ERROR;
				CLANG_WARN_DOCUMENTATION_COMMENTS = YES;
				CLANG_WARN_EMPTY_BODY = YES;
				CLANG_WARN_ENUM_CONVERSION = YES;
				CLANG_WARN_INFINITE_RECURSION = YES;
				CLANG_WARN_INT_CONVERSION = YES;
				CLANG_WARN_NON_LITERAL_NULL_CONVERSION = YES;
				CLANG_WARN_OBJC_IMPLICIT_RETAIN_SELF = YES;
				CLANG_WARN_OBJC_LITERAL_CONVERSION = YES;
				CLANG_WARN_OBJC_ROOT_CLASS = YES_ERROR;
				CLANG_WARN_RANGE_LOOP_ANALYSIS = YES;
				CLANG_WARN_STRICT_PROTOTYPES = YES;
				CLANG_WARN_SUSPICIOUS_MOVE = YES;
				CLANG_WARN_UNGUARDED_AVAILABILITY = YES_AGGRESSIVE;
				CLANG_WARN_UNREACHABLE_CODE = YES;
				CLANG_WARN__DUPLICATE_METHOD_MATCH = YES;
				CODE_SIGN_IDENTITY = "iPhone Developer";
				COPY_PHASE_STRIP = NO;
				DEBUG_INFORMATION_FORMAT = "dwarf-with-dsym";
				ENABLE_NS_ASSERTIONS = NO;
				ENABLE_STRICT_OBJC_MSGSEND = YES;
				GCC_C_LANGUAGE_STANDARD = gnu11;
				GCC_NO_COMMON_BLOCKS = YES;
				GCC_WARN_64_TO_32_BIT_CONVERSION = YES;
				GCC_WARN_ABOUT_RETURN_TYPE = YES_ERROR;
				GCC_WARN_UNDECLARED_SELECTOR = YES;
				GCC_WARN_UNINITIALIZED_AUTOS = YES_AGGRESSIVE;
				GCC_WARN_UNUSED_FUNCTION = YES;
				GCC_WARN_UNUSED_VARIABLE = YES;
				IPHONEOS_DEPLOYMENT_TARGET = 12.1;
				MTL_ENABLE_DEBUG_INFO = NO;
				MTL_FAST_MATH = YES;
				SDKROOT = iphoneos;
				SWIFT_COMPILATION_MODE = wholemodule;
				SWIFT_OPTIMIZATION_LEVEL = "-O";
				VALIDATE_PRODUCT = YES;
			};
			name = Release;
		};
		75D98FDA22608A0B0008D004 /* Debug */ = {
			isa = XCBuildConfiguration;
			baseConfigurationReference = 3F75FCBB322DFC51120206E9 /* Pods-SectionedDataExample.debug.xcconfig */;
			buildSettings = {
				ASSETCATALOG_COMPILER_APPICON_NAME = AppIcon;
				CODE_SIGN_STYLE = Automatic;
				INFOPLIST_FILE = "$(SRCROOT)/SectionedDataExample/Supporting Files/Info.plist";
				LD_RUNPATH_SEARCH_PATHS = (
					"$(inherited)",
					"@executable_path/Frameworks",
				);
				PRODUCT_BUNDLE_IDENTIFIER = az.wolferine.SectionedDataExample;
				PRODUCT_NAME = "$(TARGET_NAME)";
				SWIFT_VERSION = 4.2;
				TARGETED_DEVICE_FAMILY = "1,2";
			};
			name = Debug;
		};
		75D98FDB22608A0B0008D004 /* Release */ = {
			isa = XCBuildConfiguration;
			baseConfigurationReference = B4B82153665E11FF4A528AFC /* Pods-SectionedDataExample.release.xcconfig */;
			buildSettings = {
				ASSETCATALOG_COMPILER_APPICON_NAME = AppIcon;
				CODE_SIGN_STYLE = Automatic;
				INFOPLIST_FILE = "$(SRCROOT)/SectionedDataExample/Supporting Files/Info.plist";
				LD_RUNPATH_SEARCH_PATHS = (
					"$(inherited)",
					"@executable_path/Frameworks",
				);
				PRODUCT_BUNDLE_IDENTIFIER = az.wolferine.SectionedDataExample;
				PRODUCT_NAME = "$(TARGET_NAME)";
				SWIFT_VERSION = 4.2;
				TARGETED_DEVICE_FAMILY = "1,2";
			};
			name = Release;
		};
		75D98FDD22608A0B0008D004 /* Debug */ = {
			isa = XCBuildConfiguration;
			baseConfigurationReference = 3B00AF5A8AF32A258D82596F /* Pods-SectionedDataExampleTests.debug.xcconfig */;
			buildSettings = {
				ALWAYS_EMBED_SWIFT_STANDARD_LIBRARIES = YES;
				BUNDLE_LOADER = "$(TEST_HOST)";
				CODE_SIGN_STYLE = Automatic;
				INFOPLIST_FILE = SectionedDataExampleTests/Info.plist;
				LD_RUNPATH_SEARCH_PATHS = (
					"$(inherited)",
					"@executable_path/Frameworks",
					"@loader_path/Frameworks",
				);
				PRODUCT_BUNDLE_IDENTIFIER = az.wolferine.SectionedDataExampleTests;
				PRODUCT_NAME = "$(TARGET_NAME)";
				SWIFT_VERSION = 4.2;
				TARGETED_DEVICE_FAMILY = "1,2";
				TEST_HOST = "$(BUILT_PRODUCTS_DIR)/SectionedDataExample.app/SectionedDataExample";
			};
			name = Debug;
		};
		75D98FDE22608A0B0008D004 /* Release */ = {
			isa = XCBuildConfiguration;
			baseConfigurationReference = EF7DBBBBCAB82FE1031A7DB9 /* Pods-SectionedDataExampleTests.release.xcconfig */;
			buildSettings = {
				ALWAYS_EMBED_SWIFT_STANDARD_LIBRARIES = YES;
				BUNDLE_LOADER = "$(TEST_HOST)";
				CODE_SIGN_STYLE = Automatic;
				INFOPLIST_FILE = SectionedDataExampleTests/Info.plist;
				LD_RUNPATH_SEARCH_PATHS = (
					"$(inherited)",
					"@executable_path/Frameworks",
					"@loader_path/Frameworks",
				);
				PRODUCT_BUNDLE_IDENTIFIER = az.wolferine.SectionedDataExampleTests;
				PRODUCT_NAME = "$(TARGET_NAME)";
				SWIFT_VERSION = 4.2;
				TARGETED_DEVICE_FAMILY = "1,2";
				TEST_HOST = "$(BUILT_PRODUCTS_DIR)/SectionedDataExample.app/SectionedDataExample";
			};
			name = Release;
		};
		75D98FE022608A0B0008D004 /* Debug */ = {
			isa = XCBuildConfiguration;
			baseConfigurationReference = C5C6E5478E974A5964EF0D54 /* Pods-SectionedDataExampleUITests.debug.xcconfig */;
			buildSettings = {
				ALWAYS_EMBED_SWIFT_STANDARD_LIBRARIES = YES;
				CODE_SIGN_STYLE = Automatic;
				INFOPLIST_FILE = SectionedDataExampleUITests/Info.plist;
				LD_RUNPATH_SEARCH_PATHS = (
					"$(inherited)",
					"@executable_path/Frameworks",
					"@loader_path/Frameworks",
				);
				PRODUCT_BUNDLE_IDENTIFIER = az.wolferine.SectionedDataExampleUITests;
				PRODUCT_NAME = "$(TARGET_NAME)";
				SWIFT_VERSION = 4.2;
				TARGETED_DEVICE_FAMILY = "1,2";
				TEST_TARGET_NAME = SectionedDataExample;
			};
			name = Debug;
		};
		75D98FE122608A0B0008D004 /* Release */ = {
			isa = XCBuildConfiguration;
			baseConfigurationReference = EC8C978B508B02C4E523D6F8 /* Pods-SectionedDataExampleUITests.release.xcconfig */;
			buildSettings = {
				ALWAYS_EMBED_SWIFT_STANDARD_LIBRARIES = YES;
				CODE_SIGN_STYLE = Automatic;
				INFOPLIST_FILE = SectionedDataExampleUITests/Info.plist;
				LD_RUNPATH_SEARCH_PATHS = (
					"$(inherited)",
					"@executable_path/Frameworks",
					"@loader_path/Frameworks",
				);
				PRODUCT_BUNDLE_IDENTIFIER = az.wolferine.SectionedDataExampleUITests;
				PRODUCT_NAME = "$(TARGET_NAME)";
				SWIFT_VERSION = 4.2;
				TARGETED_DEVICE_FAMILY = "1,2";
				TEST_TARGET_NAME = SectionedDataExample;
			};
			name = Release;
		};
/* End XCBuildConfiguration section */

/* Begin XCConfigurationList section */
		75D98FAC22608A0A0008D004 /* Build configuration list for PBXProject "SectionedDataExample" */ = {
			isa = XCConfigurationList;
			buildConfigurations = (
				75D98FD722608A0B0008D004 /* Debug */,
				75D98FD822608A0B0008D004 /* Release */,
			);
			defaultConfigurationIsVisible = 0;
			defaultConfigurationName = Release;
		};
		75D98FD922608A0B0008D004 /* Build configuration list for PBXNativeTarget "SectionedDataExample" */ = {
			isa = XCConfigurationList;
			buildConfigurations = (
				75D98FDA22608A0B0008D004 /* Debug */,
				75D98FDB22608A0B0008D004 /* Release */,
			);
			defaultConfigurationIsVisible = 0;
			defaultConfigurationName = Release;
		};
		75D98FDC22608A0B0008D004 /* Build configuration list for PBXNativeTarget "SectionedDataExampleTests" */ = {
			isa = XCConfigurationList;
			buildConfigurations = (
				75D98FDD22608A0B0008D004 /* Debug */,
				75D98FDE22608A0B0008D004 /* Release */,
			);
			defaultConfigurationIsVisible = 0;
			defaultConfigurationName = Release;
		};
		75D98FDF22608A0B0008D004 /* Build configuration list for PBXNativeTarget "SectionedDataExampleUITests" */ = {
			isa = XCConfigurationList;
			buildConfigurations = (
				75D98FE022608A0B0008D004 /* Debug */,
				75D98FE122608A0B0008D004 /* Release */,
			);
			defaultConfigurationIsVisible = 0;
			defaultConfigurationName = Release;
		};
/* End XCConfigurationList section */
	};
	rootObject = 75D98FA922608A0A0008D004 /* Project object */;
}
